
Microsoft Visual Studio Solution File, Format Version 12.00
# Visual Studio Version 16
VisualStudioVersion = 16.0.30225.117
MinimumVisualStudioVersion = 10.0.40219.1
Project("{FAE04EC0-301F-11D3-BF4B-00C04F79EFBC}") = "Just Cause 3 Intro Remover", "Just Cause 3 Intro Remover\Just Cause 3 Intro Remover.csproj", "{3F8E3F47-E163-4AE7-A1D6-8C268F826EB9}"
EndProject
Global
	GlobalSection(SolutionConfigurationPlatforms) = preSolution
		Debug|Any CPU = Debug|Any CPU
		Release|Any CPU = Release|Any CPU
	EndGlobalSection
	GlobalSection(ProjectConfigurationPlatforms) = postSolution
		{3F8E3F47-E163-4AE7-A1D6-8C268F826EB9}.Debug|Any CPU.ActiveCfg = Debug|Any CPU
		{3F8E3F47-E163-4AE7-A1D6-8C268F826EB9}.Debug|Any CPU.Build.0 = Debug|Any CPU
		{3F8E3F47-E163-4AE7-A1D6-8C268F826EB9}.Release|Any CPU.ActiveCfg = Release|Any CPU
		{3F8E3F47-E163-4AE7-A1D6-8C268F826EB9}.Release|Any CPU.Build.0 = Release|Any CPU
	EndGlobalSection
	GlobalSection(SolutionProperties) = preSolution
		HideSolutionNode = FALSE
	EndGlobalSection
	GlobalSection(ExtensibilityGlobals) = postSolution
		SolutionGuid = {1C6726B1-0966-4846-B72F-CB9209B89756}
	EndGlobalSection
EndGlobal
